PODS:
  - Realm (1.0.2):
    - Realm/Headers (= 1.0.2)
  - Realm/Headers (1.0.2)
  - RealmSwift (1.0.2):
    - Realm (= 1.0.2)
  - SCLAlertView (0.5.9)
  - SwiftHSVColorPicker (1.0.9)

DEPENDENCIES:
  - RealmSwift
  - SCLAlertView
  - SwiftHSVColorPicker

SPEC CHECKSUMS:
  Realm: 9d5c46a4d7d27958530a8dfc58f63a99e5c2cba3
  RealmSwift: 82f3ac5e24530143dddfde2033acc0d308f27d96
  SCLAlertView: d7c6a48c7d340e60206d4ed0e8ebcbff3b9d2a44
  SwiftHSVColorPicker: 0b06e8c598cd5a59ac5a5c0fc8417908703846b2

PODFILE CHECKSUM: 33db4bdcd21eaf327d4a71a214df16abc2958c80

COCOAPODS: 1.0.1
